
Microsoft Visual Studio Solution File, Format Version 12.00
# Visual Studio Version 17
VisualStudioVersion = 17.3.32901.215
MinimumVisualStudioVersion = 10.0.40219.1
Project("{FAE04EC0-301F-11D3-BF4B-00C04F79EFBC}") = "Tugas1", "Tugas1.csproj", "{B557BC2B-9C08-4335-A8EC-B2B84862B336}"
EndProject
Global
	GlobalSection(SolutionConfigurationPlatforms) = preSolution
		Debug|Any CPU = Debug|Any CPU
		Release|Any CPU = Release|Any CPU
	EndGlobalSection
	GlobalSection(ProjectConfigurationPlatforms) = postSolution
		{B557BC2B-9C08-4335-A8EC-B2B84862B336}.Debug|Any CPU.ActiveCfg = Debug|Any CPU
		{B557BC2B-9C08-4335-A8EC-B2B84862B336}.Debug|Any CPU.Build.0 = Debug|Any CPU
		{B557BC2B-9C08-4335-A8EC-B2B84862B336}.Release|Any CPU.ActiveCfg = Release|Any CPU
		{B557BC2B-9C08-4335-A8EC-B2B84862B336}.Release|Any CPU.Build.0 = Release|Any CPU
	EndGlobalSection
	GlobalSection(SolutionProperties) = preSolution
		HideSolutionNode = FALSE
	EndGlobalSection
	GlobalSection(ExtensibilityGlobals) = postSolution
		SolutionGuid = {0E38EAC4-38C9-4B8D-9564-06CA8B4AEC03}
	EndGlobalSection
EndGlobal
